
Microsoft Visual Studio Solution File, Format Version 12.00
# Visual Studio 15
VisualStudioVersion = 15.0.28307.779
MinimumVisualStudioVersion = 10.0.40219.1
Project("{9A19103F-16F7-4668-BE54-9A1E7A4F7556}") = "001_Model", "001_Model\001_Model.csproj", "{10648788-DA03-49E8-87C2-FCF51EDFD5BA}"
EndProject
Project("{9A19103F-16F7-4668-BE54-9A1E7A4F7556}") = "002_ModelToView", "002_ModelToView\002_ModelToView.csproj", "{82801368-6000-44A2-BBE6-87E0197D7B05}"
EndProject
Project("{FAE04EC0-301F-11D3-BF4B-00C04F79EFBC}") = "003_Model", "003_Model\003_Model.csproj", "{AB6946E2-895F-4706-9220-08C7F1DA087B}"
EndProject
Global
	GlobalSection(SolutionConfigurationPlatforms) = preSolution
		Debug|Any CPU = Debug|Any CPU
		Release|Any CPU = Release|Any CPU
	EndGlobalSection
	GlobalSection(ProjectConfigurationPlatforms) = postSolution
		{10648788-DA03-49E8-87C2-FCF51EDFD5BA}.Debug|Any CPU.ActiveCfg = Debug|Any CPU
		{10648788-DA03-49E8-87C2-FCF51EDFD5BA}.Debug|Any CPU.Build.0 = Debug|Any CPU
		{10648788-DA03-49E8-87C2-FCF51EDFD5BA}.Release|Any CPU.ActiveCfg = Release|Any CPU
		{10648788-DA03-49E8-87C2-FCF51EDFD5BA}.Release|Any CPU.Build.0 = Release|Any CPU
		{82801368-6000-44A2-BBE6-87E0197D7B05}.Debug|Any CPU.ActiveCfg = Debug|Any CPU
		{82801368-6000-44A2-BBE6-87E0197D7B05}.Debug|Any CPU.Build.0 = Debug|Any CPU
		{82801368-6000-44A2-BBE6-87E0197D7B05}.Release|Any CPU.ActiveCfg = Release|Any CPU
		{82801368-6000-44A2-BBE6-87E0197D7B05}.Release|Any CPU.Build.0 = Release|Any CPU
		{AB6946E2-895F-4706-9220-08C7F1DA087B}.Debug|Any CPU.ActiveCfg = Debug|Any CPU
		{AB6946E2-895F-4706-9220-08C7F1DA087B}.Debug|Any CPU.Build.0 = Debug|Any CPU
		{AB6946E2-895F-4706-9220-08C7F1DA087B}.Release|Any CPU.ActiveCfg = Release|Any CPU
		{AB6946E2-895F-4706-9220-08C7F1DA087B}.Release|Any CPU.Build.0 = Release|Any CPU
	EndGlobalSection
	GlobalSection(SolutionProperties) = preSolution
		HideSolutionNode = FALSE
	EndGlobalSection
	GlobalSection(ExtensibilityGlobals) = postSolution
		SolutionGuid = {44EDF23E-27C6-4BF7-B0CF-98296373F8D3}
	EndGlobalSection
EndGlobal
