
Microsoft Visual Studio Solution File, Format Version 12.00
# Visual Studio 15
VisualStudioVersion = 15.0.28307.779
MinimumVisualStudioVersion = 10.0.40219.1
Project("{FAE04EC0-301F-11D3-BF4B-00C04F79EFBC}") = "WebApplication1", "WebApplication1\WebApplication1.csproj", "{EB864CAC-98FB-4BF7-A252-F8B585B22C13}"
EndProject
Global
	GlobalSection(SolutionConfigurationPlatforms) = preSolution
		Debug|Any CPU = Debug|Any CPU
		Release|Any CPU = Release|Any CPU
	EndGlobalSection
	GlobalSection(ProjectConfigurationPlatforms) = postSolution
		{EB864CAC-98FB-4BF7-A252-F8B585B22C13}.Debug|Any CPU.ActiveCfg = Debug|Any CPU
		{EB864CAC-98FB-4BF7-A252-F8B585B22C13}.Debug|Any CPU.Build.0 = Debug|Any CPU
		{EB864CAC-98FB-4BF7-A252-F8B585B22C13}.Release|Any CPU.ActiveCfg = Release|Any CPU
		{EB864CAC-98FB-4BF7-A252-F8B585B22C13}.Release|Any CPU.Build.0 = Release|Any CPU
	EndGlobalSection
	GlobalSection(SolutionProperties) = preSolution
		HideSolutionNode = FALSE
	EndGlobalSection
	GlobalSection(ExtensibilityGlobals) = postSolution
		SolutionGuid = {E19C2B64-0C7F-43E0-AB07-80D302F915F6}
	EndGlobalSection
EndGlobal
